
Microsoft Visual Studio Solution File, Format Version 12.00
# Visual Studio Version 16
VisualStudioVersion = 16.0.29926.136
MinimumVisualStudioVersion = 10.0.40219.1
Project("{FAE04EC0-301F-11D3-BF4B-00C04F79EFBC}") = "OdeToFood.Web", "OdeToFood.Web\OdeToFood.Web.csproj", "{F8018F40-1B99-4E90-9BFC-5885C9A6AB75}"
EndProject
Project("{FAE04EC0-301F-11D3-BF4B-00C04F79EFBC}") = "OdeToFood.Data", "OdeToFood.Data\OdeToFood.Data.csproj", "{8C7CEF55-9469-4B51-9A26-D6FD909A1E86}"
EndProject
Global
	GlobalSection(SolutionConfigurationPlatforms) = preSolution
		Debug|Any CPU = Debug|Any CPU
		Release|Any CPU = Release|Any CPU
	EndGlobalSection
	GlobalSection(ProjectConfigurationPlatforms) = postSolution
		{F8018F40-1B99-4E90-9BFC-5885C9A6AB75}.Debug|Any CPU.ActiveCfg = Debug|Any CPU
		{F8018F40-1B99-4E90-9BFC-5885C9A6AB75}.Debug|Any CPU.Build.0 = Debug|Any CPU
		{F8018F40-1B99-4E90-9BFC-5885C9A6AB75}.Release|Any CPU.ActiveCfg = Release|Any CPU
		{F8018F40-1B99-4E90-9BFC-5885C9A6AB75}.Release|Any CPU.Build.0 = Release|Any CPU
		{8C7CEF55-9469-4B51-9A26-D6FD909A1E86}.Debug|Any CPU.ActiveCfg = Debug|Any CPU
		{8C7CEF55-9469-4B51-9A26-D6FD909A1E86}.Debug|Any CPU.Build.0 = Debug|Any CPU
		{8C7CEF55-9469-4B51-9A26-D6FD909A1E86}.Release|Any CPU.ActiveCfg = Release|Any CPU
		{8C7CEF55-9469-4B51-9A26-D6FD909A1E86}.Release|Any CPU.Build.0 = Release|Any CPU
	EndGlobalSection
	GlobalSection(SolutionProperties) = preSolution
		HideSolutionNode = FALSE
	EndGlobalSection
	GlobalSection(ExtensibilityGlobals) = postSolution
		SolutionGuid = {EBC2242D-3B0D-430C-958A-E8DC95FCACDF}
	EndGlobalSection
EndGlobal
